{
  "nodes": {
    "devenv": {
      "locked": {
        "dir": "src/modules",
        "lastModified": 1781627264,
        "narHash": "sha256-TPj5d5MUyvuQZjsfDAAoYJ0SB+tNNNBrdCpD8XL0WeU=",
        "owner": "cachix",
        "repo": "devenv",
        "rev": "0fe5629a2955141c336b95e384e2c793c01214fb",
        "type": "github"
      },
      "original": {
        "dir": "src/modules",
        "owner": "cachix",
        "repo": "devenv",
        "type": "github"
      }
    },
    "nixpkgs": {
      "inputs": {
        "nixpkgs-src": "nixpkgs-src"
      },
      "locked": {
        "lastModified": 1781620901,
        "narHash": "sha256-UF6scQlG+6lRkZBUpn/3KNavhOo5G8kDWhjVHcno8uc=",
        "owner": "cachix",
        "repo": "devenv-nixpkgs",
        "rev": "2df109b343d3c68efd752e32a444a1d9b9f89afa",
        "type": "github"
      },
      "original": {
        "owner": "cachix",
        "ref": "rolling",
        "repo": "devenv-nixpkgs",
        "type": "github"
      }
    },
    "nixpkgs-src": {
      "flake": false,
      "locked": {
        "lastModified": 1781454065,
        "narHash": "sha256-d2xfDjnfRuf/xYGdu9VVRHiav/2w5hDL/5cw2TuVAXw=",
        "owner": "NixOS",
        "repo": "nixpkgs",
        "rev": "9eac87a12312b8f60dd52e1c6e1a265f6fc7f5fc",
        "type": "github"
      },
      "original": {
        "owner": "NixOS",
        "ref": "nixpkgs-unstable",
        "repo": "nixpkgs",
        "type": "github"
      }
    },
    "root": {
      "inputs": {
        "devenv": "devenv",
        "nixpkgs": "nixpkgs",
        "rust-overlay": "rust-overlay"
      }
    },
    "rust-overlay": {
      "inputs": {
        "nixpkgs": [
          "nixpkgs"
        ]
      },
      "locked": {
        "lastModified": 1781666412,
        "narHash": "sha256-Tzgol+o9+V4lK99r4AERI4pyFoZwg6Si2xUd1wc/WQU=",
        "owner": "oxalica",
        "repo": "rust-overlay",
        "rev": "d0e019d9543f0f1215a3d961fc4dca59aa29c638",
        "type": "github"
      },
      "original": {
        "owner": "oxalica",
        "repo": "rust-overlay",
        "type": "github"
      }
    }
  },
  "root": "root",
  "version": 7
}