{
  "nodes": {
    "advisory-db": {
      "flake": false,
      "locked": {
        "lastModified": 1681407813,
        "narHash": "sha256-Q8KfbkxBsGtR+CGPkxlM7CiYSBhrVnpEm6rHS7OMJ6k=",
        "owner": "rustsec",
        "repo": "advisory-db",
        "rev": "23ff35f8259aca16ff14e4ce0da0f54cd496a26c",
        "type": "github"
      },
      "original": {
        "owner": "rustsec",
        "repo": "advisory-db",
        "type": "github"
      }
    },
    "crane": {
      "inputs": {
        "flake-compat": "flake-compat",
        "flake-utils": [
          "flake-utils"
        ],
        "nixpkgs": [
          "nixpkgs"
        ],
        "rust-overlay": "rust-overlay"
      },
      "locked": {
        "lastModified": 1681680516,
        "narHash": "sha256-EB8Adaeg4zgcYDJn9sR6UMjN/OHdIiMMK19+3LmmXQY=",
        "owner": "ipetkov",
        "repo": "crane",
        "rev": "54b63c8eae4c50172cb50b612946ff1d2bc1c75c",
        "type": "github"
      },
      "original": {
        "owner": "ipetkov",
        "repo": "crane",
        "type": "github"
      }
    },
    "flake-compat": {
      "flake": false,
      "locked": {
        "lastModified": 1673956053,
        "narHash": "sha256-4gtG9iQuiKITOjNQQeQIpoIB6b16fm+504Ch3sNKLd8=",
        "owner": "edolstra",
        "repo": "flake-compat",
        "rev": "35bb57c0c8d8b62bbfd284272c928ceb64ddbde9",
        "type": "github"
      },
      "original": {
        "owner": "edolstra",
        "repo": "flake-compat",
        "type": "github"
      }
    },
    "flake-utils": {
      "inputs": {
        "systems": "systems"
      },
      "locked": {
        "lastModified": 1681202837,
        "narHash": "sha256-H+Rh19JDwRtpVPAWp64F+rlEtxUWBAQW28eAi3SRSzg=",
        "owner": "numtide",
        "repo": "flake-utils",
        "rev": "cfacdce06f30d2b68473a46042957675eebb3401",
        "type": "github"
      },
      "original": {
        "owner": "numtide",
        "repo": "flake-utils",
        "type": "github"
      }
    },
    "nix-filter": {
      "locked": {
        "lastModified": 1681154353,
        "narHash": "sha256-MCJ5FHOlbfQRFwN0brqPbCunLEVw05D/3sRVoNVt2tI=",
        "owner": "numtide",
        "repo": "nix-filter",
        "rev": "f529f42792ade8e32c4be274af6b6d60857fbee7",
        "type": "github"
      },
      "original": {
        "owner": "numtide",
        "repo": "nix-filter",
        "type": "github"
      }
    },
    "nixpkgs": {
      "locked": {
        "lastModified": 1681737997,
        "narHash": "sha256-pHhjgsIkRMu80LmVe8QoKIZB6VZGRRxFmIvsC5S89k4=",
        "owner": "NixOS",
        "repo": "nixpkgs",
        "rev": "f00994e78cd39e6fc966f0c4103f908e63284780",
        "type": "github"
      },
      "original": {
        "id": "nixpkgs",
        "ref": "nixos-unstable",
        "type": "indirect"
      }
    },
    "root": {
      "inputs": {
        "advisory-db": "advisory-db",
        "crane": "crane",
        "flake-utils": "flake-utils",
        "nix-filter": "nix-filter",
        "nixpkgs": "nixpkgs",
        "rust-overlay": "rust-overlay_2"
      }
    },
    "rust-overlay": {
      "inputs": {
        "flake-utils": [
          "crane",
          "flake-utils"
        ],
        "nixpkgs": [
          "crane",
          "nixpkgs"
        ]
      },
      "locked": {
        "lastModified": 1680488274,
        "narHash": "sha256-0vYMrZDdokVmPQQXtFpnqA2wEgCCUXf5a3dDuDVshn0=",
        "owner": "oxalica",
        "repo": "rust-overlay",
        "rev": "7ec2ff598a172c6e8584457167575b3a1a5d80d8",
        "type": "github"
      },
      "original": {
        "owner": "oxalica",
        "repo": "rust-overlay",
        "type": "github"
      }
    },
    "rust-overlay_2": {
      "inputs": {
        "flake-utils": [
          "flake-utils"
        ],
        "nixpkgs": [
          "nixpkgs"
        ]
      },
      "locked": {
        "lastModified": 1681870826,
        "narHash": "sha256-1YEXIdr5wwG8PWntvcjjoVpsAKOKuKEaFIy3vR0FGpo=",
        "owner": "oxalica",
        "repo": "rust-overlay",
        "rev": "e2f975856a48ebecba4f95846b8f368f3808d4e7",
        "type": "github"
      },
      "original": {
        "owner": "oxalica",
        "repo": "rust-overlay",
        "type": "github"
      }
    },
    "systems": {
      "locked": {
        "lastModified": 1681028828,
        "narHash": "sha256-Vy1rq5AaRuLzOxct8nz4T6wlgyUR7zLU309k9mBC768=",
        "owner": "nix-systems",
        "repo": "default",
        "rev": "da67096a3b9bf56a91d16901293e51ba5b49a27e",
        "type": "github"
      },
      "original": {
        "owner": "nix-systems",
        "repo": "default",
        "type": "github"
      }
    }
  },
  "root": "root",
  "version": 7
}
