{
  "nodes": {
    "advisory-db": {
      "flake": false,
      "locked": {
        "lastModified": 1697295662,
        "narHash": "sha256-7bJNs2Db/hWp7PeMDRpLj/CdGubzZ/Ge7QHL56XOoCI=",
        "owner": "rustsec",
        "repo": "advisory-db",
        "rev": "58c33af7fa0900f18653d647b35c204480f289e9",
        "type": "github"
      },
      "original": {
        "owner": "rustsec",
        "repo": "advisory-db",
        "type": "github"
      }
    },
    "crane": {
      "inputs": {
        "flake-compat": "flake-compat",
        "flake-utils": [
          "flake-utils"
        ],
        "nixpkgs": [
          "nixpkgs"
        ],
        "rust-overlay": "rust-overlay"
      },
      "locked": {
        "lastModified": 1697165857,
        "narHash": "sha256-Cho+TPHCIfx/sVo5scjNDP2XUCpUxcyKvoMlJ8w9dgQ=",
        "owner": "ipetkov",
        "repo": "crane",
        "rev": "117ac48319c0dbcff5540781c7c5b18166e33f6a",
        "type": "github"
      },
      "original": {
        "owner": "ipetkov",
        "repo": "crane",
        "type": "github"
      }
    },
    "flake-compat": {
      "flake": false,
      "locked": {
        "lastModified": 1696267196,
        "narHash": "sha256-AAQ/2sD+0D18bb8hKuEEVpHUYD1GmO2Uh/taFamn6XQ=",
        "owner": "edolstra",
        "repo": "flake-compat",
        "rev": "4f910c9827911b1ec2bf26b5a062cd09f8d89f85",
        "type": "github"
      },
      "original": {
        "owner": "edolstra",
        "repo": "flake-compat",
        "type": "github"
      }
    },
    "flake-utils": {
      "inputs": {
        "systems": "systems"
      },
      "locked": {
        "lastModified": 1694529238,
        "narHash": "sha256-zsNZZGTGnMOf9YpHKJqMSsa0dXbfmxeoJ7xHlrt+xmY=",
        "owner": "numtide",
        "repo": "flake-utils",
        "rev": "ff7b65b44d01cf9ba6a71320833626af21126384",
        "type": "github"
      },
      "original": {
        "owner": "numtide",
        "repo": "flake-utils",
        "type": "github"
      }
    },
    "nix-filter": {
      "locked": {
        "lastModified": 1694857738,
        "narHash": "sha256-bxxNyLHjhu0N8T3REINXQ2ZkJco0ABFPn6PIe2QUfqo=",
        "owner": "numtide",
        "repo": "nix-filter",
        "rev": "41fd48e00c22b4ced525af521ead8792402de0ea",
        "type": "github"
      },
      "original": {
        "owner": "numtide",
        "repo": "nix-filter",
        "type": "github"
      }
    },
    "nixpkgs": {
      "locked": {
        "lastModified": 1696983906,
        "narHash": "sha256-L7GyeErguS7Pg4h8nK0wGlcUTbfUMDu+HMf1UcyP72k=",
        "owner": "NixOS",
        "repo": "nixpkgs",
        "rev": "bd1cde45c77891214131cbbea5b1203e485a9d51",
        "type": "github"
      },
      "original": {
        "owner": "NixOS",
        "ref": "nixos-23.05",
        "repo": "nixpkgs",
        "type": "github"
      }
    },
    "root": {
      "inputs": {
        "advisory-db": "advisory-db",
        "crane": "crane",
        "flake-utils": "flake-utils",
        "nix-filter": "nix-filter",
        "nixpkgs": "nixpkgs",
        "rust-overlay": "rust-overlay_2"
      }
    },
    "rust-overlay": {
      "inputs": {
        "flake-utils": [
          "crane",
          "flake-utils"
        ],
        "nixpkgs": [
          "crane",
          "nixpkgs"
        ]
      },
      "locked": {
        "lastModified": 1696299134,
        "narHash": "sha256-RS77cAa0N+Sfj5EmKbm5IdncNXaBCE1BSSQvUE8exvo=",
        "owner": "oxalica",
        "repo": "rust-overlay",
        "rev": "611ccdceed92b4d94ae75328148d84ee4a5b462d",
        "type": "github"
      },
      "original": {
        "owner": "oxalica",
        "repo": "rust-overlay",
        "type": "github"
      }
    },
    "rust-overlay_2": {
      "inputs": {
        "flake-utils": [
          "flake-utils"
        ],
        "nixpkgs": [
          "nixpkgs"
        ]
      },
      "locked": {
        "lastModified": 1697249410,
        "narHash": "sha256-OmsnxNsjBB1DJlUuJyzDJJ7psbm4/VzokNT+o0ajzFQ=",
        "owner": "oxalica",
        "repo": "rust-overlay",
        "rev": "dce60ca7fca201014868c08a612edb73a998310f",
        "type": "github"
      },
      "original": {
        "owner": "oxalica",
        "repo": "rust-overlay",
        "type": "github"
      }
    },
    "systems": {
      "locked": {
        "lastModified": 1681028828,
        "narHash": "sha256-Vy1rq5AaRuLzOxct8nz4T6wlgyUR7zLU309k9mBC768=",
        "owner": "nix-systems",
        "repo": "default",
        "rev": "da67096a3b9bf56a91d16901293e51ba5b49a27e",
        "type": "github"
      },
      "original": {
        "owner": "nix-systems",
        "repo": "default",
        "type": "github"
      }
    }
  },
  "root": "root",
  "version": 7
}
